
Microsoft Visual Studio Solution File, Format Version 12.00
# Visual Studio 2013
VisualStudioVersion = 12.0.31101.0
MinimumVisualStudioVersion = 10.0.40219.1
Project("{FAE04EC0-301F-11D3-BF4B-00C04F79EFBC}") = "CleanAir4You.com", "CleanAir4You.com\CleanAir4You.com.csproj", "{47BE21C0-1EB9-4B90-977E-406A9D136143}"
EndProject
Project("{2150E333-8FDC-42A3-9474-1A3956D46DE8}") = "External Contracts - NUGET WOULD BE BETTER", "External Contracts - NUGET WOULD BE BETTER", "{5875AEBB-FE8A-49A7-9E47-FF9927DEAF8E}"
EndProject
Project("{FAE04EC0-301F-11D3-BF4B-00C04F79EFBC}") = "AccountManagement.Contracts.Public", "AccountManagement\AccountManagement.Contracts.Public\AccountManagement.Contracts.Public\AccountManagement.Contracts.Public.csproj", "{8AE00194-7BC4-4E6D-B657-C7E0A7A40D1B}"
EndProject
Project("{FAE04EC0-301F-11D3-BF4B-00C04F79EFBC}") = "Billing.Contracts.Public", "Billing\Billing.Contracts.Public\Billing.Contracts.Public.csproj", "{78D0E96F-4216-463C-9C56-9A73CACA21F8}"
EndProject
Global
	GlobalSection(SolutionConfigurationPlatforms) = preSolution
		Debug|Any CPU = Debug|Any CPU
		Release|Any CPU = Release|Any CPU
	EndGlobalSection
	GlobalSection(ProjectConfigurationPlatforms) = postSolution
		{47BE21C0-1EB9-4B90-977E-406A9D136143}.Debug|Any CPU.ActiveCfg = Debug|Any CPU
		{47BE21C0-1EB9-4B90-977E-406A9D136143}.Debug|Any CPU.Build.0 = Debug|Any CPU
		{47BE21C0-1EB9-4B90-977E-406A9D136143}.Release|Any CPU.ActiveCfg = Release|Any CPU
		{47BE21C0-1EB9-4B90-977E-406A9D136143}.Release|Any CPU.Build.0 = Release|Any CPU
		{8AE00194-7BC4-4E6D-B657-C7E0A7A40D1B}.Debug|Any CPU.ActiveCfg = Debug|Any CPU
		{8AE00194-7BC4-4E6D-B657-C7E0A7A40D1B}.Debug|Any CPU.Build.0 = Debug|Any CPU
		{8AE00194-7BC4-4E6D-B657-C7E0A7A40D1B}.Release|Any CPU.ActiveCfg = Release|Any CPU
		{8AE00194-7BC4-4E6D-B657-C7E0A7A40D1B}.Release|Any CPU.Build.0 = Release|Any CPU
		{78D0E96F-4216-463C-9C56-9A73CACA21F8}.Debug|Any CPU.ActiveCfg = Debug|Any CPU
		{78D0E96F-4216-463C-9C56-9A73CACA21F8}.Debug|Any CPU.Build.0 = Debug|Any CPU
		{78D0E96F-4216-463C-9C56-9A73CACA21F8}.Release|Any CPU.ActiveCfg = Release|Any CPU
		{78D0E96F-4216-463C-9C56-9A73CACA21F8}.Release|Any CPU.Build.0 = Release|Any CPU
	EndGlobalSection
	GlobalSection(SolutionProperties) = preSolution
		HideSolutionNode = FALSE
	EndGlobalSection
	GlobalSection(NestedProjects) = preSolution
		{8AE00194-7BC4-4E6D-B657-C7E0A7A40D1B} = {5875AEBB-FE8A-49A7-9E47-FF9927DEAF8E}
		{78D0E96F-4216-463C-9C56-9A73CACA21F8} = {5875AEBB-FE8A-49A7-9E47-FF9927DEAF8E}
	EndGlobalSection
EndGlobal
